
Microsoft Visual Studio Solution File, Format Version 12.00
# Visual Studio Version 16
VisualStudioVersion = 16.0.31025.194
MinimumVisualStudioVersion = 10.0.40219.1
Project("{9A19103F-16F7-4668-BE54-9A1E7A4F7556}") = "ProjektIntel8086", "ProjektIntel8086.csproj", "{CA3D5A72-CD29-40C6-A97F-8A03BC80E9E8}"
EndProject
Global
	GlobalSection(SolutionConfigurationPlatforms) = preSolution
		Debug|Any CPU = Debug|Any CPU
		Release|Any CPU = Release|Any CPU
	EndGlobalSection
	GlobalSection(ProjectConfigurationPlatforms) = postSolution
		{CA3D5A72-CD29-40C6-A97F-8A03BC80E9E8}.Debug|Any CPU.ActiveCfg = Debug|Any CPU
		{CA3D5A72-CD29-40C6-A97F-8A03BC80E9E8}.Debug|Any CPU.Build.0 = Debug|Any CPU
		{CA3D5A72-CD29-40C6-A97F-8A03BC80E9E8}.Release|Any CPU.ActiveCfg = Release|Any CPU
		{CA3D5A72-CD29-40C6-A97F-8A03BC80E9E8}.Release|Any CPU.Build.0 = Release|Any CPU
	EndGlobalSection
	GlobalSection(SolutionProperties) = preSolution
		HideSolutionNode = FALSE
	EndGlobalSection
	GlobalSection(ExtensibilityGlobals) = postSolution
		SolutionGuid = {45B0E1AA-D394-4C34-84F0-3B1F19EDFA8A}
	EndGlobalSection
EndGlobal
